// !$*UTF8*$!
{
	archiveVersion = 1;
	classes = {
	};
	objectVersion = 46;
	objects = {

/* Begin PBXBuildFile section */
		9250E1EE1A29E3AD006B70D8 /* GameApplicationLayer.h in Headers */ = {isa = PBXBuildFile; fileRef = 9250E1ED1A29E3AD006B70D8 /* GameApplicationLayer.h */; settings = {ATTRIBUTES = (Public, ); }; };
		9250E1F41A29E3AE006B70D8 /* GameApplicationLayer.framework in Frameworks */ = {isa = PBXBuildFile; fileRef = 9250E1E81A29E3AD006B70D8 /* GameApplicationLayer.framework */; };
		9250E1FB1A29E3AE006B70D8 /* GameApplicationLayerTests.swift in Sources */ = {isa = PBXBuildFile; fileRef = 9250E1FA1A29E3AE006B70D8 /* GameApplicationLayerTests.swift */; };
		9250E2101A29E7EB006B70D8 /* GAServer.swift in Sources */ = {isa = PBXBuildFile; fileRef = 9250E20F1A29E7EB006B70D8 /* GAServer.swift */; };
		9250E2161A2A5F15006B70D8 /* GAClient.swift in Sources */ = {isa = PBXBuildFile; fileRef = 9250E2151A2A5F15006B70D8 /* GAClient.swift */; };
		9250E21A1A2A62BD006B70D8 /* GACommonStructures.swift in Sources */ = {isa = PBXBuildFile; fileRef = 9250E2191A2A62BD006B70D8 /* GACommonStructures.swift */; };
/* End PBXBuildFile section */

/* Begin PBXContainerItemProxy section */
		9250E1F51A29E3AE006B70D8 /* PBXContainerItemProxy */ = {
			isa = PBXContainerItemProxy;
			containerPortal = 9250E1DF1A29E3AD006B70D8 /* Project object */;
			proxyType = 1;
			remoteGlobalIDString = 9250E1E71A29E3AD006B70D8;
			remoteInfo = GameApplicationLayer;
		};
/* End PBXContainerItemProxy section */

/* Begin PBXFileReference section */
		9250E1E81A29E3AD006B70D8 /* GameApplicationLayer.framework */ = {isa = PBXFileReference; explicitFileType = wrapper.framework; includeInIndex = 0; path = GameApplicationLayer.framework; sourceTree = BUILT_PRODUCTS_DIR; };
		9250E1EC1A29E3AD006B70D8 /* Info.plist */ = {isa = PBXFileReference; lastKnownFileType = text.plist.xml; path = Info.plist; sourceTree = "<group>"; };
		9250E1ED1A29E3AD006B70D8 /* GameApplicationLayer.h */ = {isa = PBXFileReference; lastKnownFileType = sourcecode.c.h; path = GameApplicationLayer.h; sourceTree = "<group>"; };
		9250E1F31A29E3AE006B70D8 /* GameApplicationLayerTests.xctest */ = {isa = PBXFileReference; explicitFileType = wrapper.cfbundle; includeInIndex = 0; path = GameApplicationLayerTests.xctest; sourceTree = BUILT_PRODUCTS_DIR; };
		9250E1F91A29E3AE006B70D8 /* Info.plist */ = {isa = PBXFileReference; lastKnownFileType = text.plist.xml; path = Info.plist; sourceTree = "<group>"; };
		9250E1FA1A29E3AE006B70D8 /* GameApplicationLayerTests.swift */ = {isa = PBXFileReference; lastKnownFileType = sourcecode.swift; path = GameApplicationLayerTests.swift; sourceTree = "<group>"; };
		9250E20F1A29E7EB006B70D8 /* GAServer.swift */ = {isa = PBXFileReference; fileEncoding = 4; lastKnownFileType = sourcecode.swift; path = GAServer.swift; sourceTree = "<group>"; };
		9250E2151A2A5F15006B70D8 /* GAClient.swift */ = {isa = PBXFileReference; fileEncoding = 4; lastKnownFileType = sourcecode.swift; path = GAClient.swift; sourceTree = "<group>"; };
		9250E2191A2A62BD006B70D8 /* GACommonStructures.swift */ = {isa = PBXFileReference; fileEncoding = 4; lastKnownFileType = sourcecode.swift; path = GACommonStructures.swift; sourceTree = "<group>"; };
/* End PBXFileReference section */

/* Begin PBXFrameworksBuildPhase section */
		9250E1E41A29E3AD006B70D8 /* Frameworks */ = {
			isa = PBXFrameworksBuildPhase;
			buildActionMask = 2147483647;
			files = (
			);
			runOnlyForDeploymentPostprocessing = 0;
		};
		9250E1F01A29E3AE006B70D8 /* Frameworks */ = {
			isa = PBXFrameworksBuildPhase;
			buildActionMask = 2147483647;
			files = (
				9250E1F41A29E3AE006B70D8 /* GameApplicationLayer.framework in Frameworks */,
			);
			runOnlyForDeploymentPostprocessing = 0;
		};
/* End PBXFrameworksBuildPhase section */

/* Begin PBXGroup section */
		9250E1DE1A29E3AD006B70D8 = {
			isa = PBXGroup;
			children = (
				9250E1EA1A29E3AD006B70D8 /* GameApplicationLayer */,
				9250E1F71A29E3AE006B70D8 /* GameApplicationLayerTests */,
				9250E1E91A29E3AD006B70D8 /* Products */,
			);
			sourceTree = "<group>";
		};
		9250E1E91A29E3AD006B70D8 /* Products */ = {
			isa = PBXGroup;
			children = (
				9250E1E81A29E3AD006B70D8 /* GameApplicationLayer.framework */,
				9250E1F31A29E3AE006B70D8 /* GameApplicationLayerTests.xctest */,
			);
			name = Products;
			sourceTree = "<group>";
		};
		9250E1EA1A29E3AD006B70D8 /* GameApplicationLayer */ = {
			isa = PBXGroup;
			children = (
				9250E1ED1A29E3AD006B70D8 /* GameApplicationLayer.h */,
				9250E20F1A29E7EB006B70D8 /* GAServer.swift */,
				9250E2151A2A5F15006B70D8 /* GAClient.swift */,
				9250E2191A2A62BD006B70D8 /* GACommonStructures.swift */,
				9250E1EB1A29E3AD006B70D8 /* Supporting Files */,
			);
			path = GameApplicationLayer;
			sourceTree = "<group>";
		};
		9250E1EB1A29E3AD006B70D8 /* Supporting Files */ = {
			isa = PBXGroup;
			children = (
				9250E1EC1A29E3AD006B70D8 /* Info.plist */,
			);
			name = "Supporting Files";
			sourceTree = "<group>";
		};
		9250E1F71A29E3AE006B70D8 /* GameApplicationLayerTests */ = {
			isa = PBXGroup;
			children = (
				9250E1FA1A29E3AE006B70D8 /* GameApplicationLayerTests.swift */,
				9250E1F81A29E3AE006B70D8 /* Supporting Files */,
			);
			path = GameApplicationLayerTests;
			sourceTree = "<group>";
		};
		9250E1F81A29E3AE006B70D8 /* Supporting Files */ = {
			isa = PBXGroup;
			children = (
				9250E1F91A29E3AE006B70D8 /* Info.plist */,
			);
			name = "Supporting Files";
			sourceTree = "<group>";
		};
/* End PBXGroup section */

/* Begin PBXHeadersBuildPhase section */
		9250E1E51A29E3AD006B70D8 /* Headers */ = {
			isa = PBXHeadersBuildPhase;
			buildActionMask = 2147483647;
			files = (
				9250E1EE1A29E3AD006B70D8 /* GameApplicationLayer.h in Headers */,
			);
			runOnlyForDeploymentPostprocessing = 0;
		};
/* End PBXHeadersBuildPhase section */

/* Begin PBXNativeTarget section */
		9250E1E71A29E3AD006B70D8 /* GameApplicationLayer */ = {
			isa = PBXNativeTarget;
			buildConfigurationList = 9250E1FE1A29E3AE006B70D8 /* Build configuration list for PBXNativeTarget "GameApplicationLayer" */;
			buildPhases = (
				9250E1E31A29E3AD006B70D8 /* Sources */,
				9250E1E41A29E3AD006B70D8 /* Frameworks */,
				9250E1E51A29E3AD006B70D8 /* Headers */,
				9250E1E61A29E3AD006B70D8 /* Resources */,
			);
			buildRules = (
			);
			dependencies = (
			);
			name = GameApplicationLayer;
			productName = GameApplicationLayer;
			productReference = 9250E1E81A29E3AD006B70D8 /* GameApplicationLayer.framework */;
			productType = "com.apple.product-type.framework";
		};
		9250E1F21A29E3AE006B70D8 /* GameApplicationLayerTests */ = {
			isa = PBXNativeTarget;
			buildConfigurationList = 9250E2011A29E3AE006B70D8 /* Build configuration list for PBXNativeTarget "GameApplicationLayerTests" */;
			buildPhases = (
				9250E1EF1A29E3AE006B70D8 /* Sources */,
				9250E1F01A29E3AE006B70D8 /* Frameworks */,
				9250E1F11A29E3AE006B70D8 /* Resources */,
			);
			buildRules = (
			);
			dependencies = (
				9250E1F61A29E3AE006B70D8 /* PBXTargetDependency */,
			);
			name = GameApplicationLayerTests;
			productName = GameApplicationLayerTests;
			productReference = 9250E1F31A29E3AE006B70D8 /* GameApplicationLayerTests.xctest */;
			productType = "com.apple.product-type.bundle.unit-test";
		};
/* End PBXNativeTarget section */

/* Begin PBXProject section */
		9250E1DF1A29E3AD006B70D8 /* Project object */ = {
			isa = PBXProject;
			attributes = {
				LastUpgradeCheck = 0610;
				ORGANIZATIONNAME = "Our company";
				TargetAttributes = {
					9250E1E71A29E3AD006B70D8 = {
						CreatedOnToolsVersion = 6.1;
					};
					9250E1F21A29E3AE006B70D8 = {
						CreatedOnToolsVersion = 6.1;
					};
				};
			};
			buildConfigurationList = 9250E1E21A29E3AD006B70D8 /* Build configuration list for PBXProject "GameApplicationLayer" */;
			compatibilityVersion = "Xcode 3.2";
			developmentRegion = English;
			hasScannedForEncodings = 0;
			knownRegions = (
				en,
			);
			mainGroup = 9250E1DE1A29E3AD006B70D8;
			productRefGroup = 9250E1E91A29E3AD006B70D8 /* Products */;
			projectDirPath = "";
			projectRoot = "";
			targets = (
				9250E1E71A29E3AD006B70D8 /* GameApplicationLayer */,
				9250E1F21A29E3AE006B70D8 /* GameApplicationLayerTests */,
			);
		};
/* End PBXProject section */

/* Begin PBXResourcesBuildPhase section */
		9250E1E61A29E3AD006B70D8 /* Resources */ = {
			isa = PBXResourcesBuildPhase;
			buildActionMask = 2147483647;
			files = (
			);
			runOnlyForDeploymentPostprocessing = 0;
		};
		9250E1F11A29E3AE006B70D8 /* Resources */ = {
			isa = PBXResourcesBuildPhase;
			buildActionMask = 2147483647;
			files = (
			);
			runOnlyForDeploymentPostprocessing = 0;
		};
/* End PBXResourcesBuildPhase section */

/* Begin PBXSourcesBuildPhase section */
		9250E1E31A29E3AD006B70D8 /* Sources */ = {
			isa = PBXSourcesBuildPhase;
			buildActionMask = 2147483647;
			files = (
				9250E21A1A2A62BD006B70D8 /* GACommonStructures.swift in Sources */,
				9250E2161A2A5F15006B70D8 /* GAClient.swift in Sources */,
				9250E2101A29E7EB006B70D8 /* GAServer.swift in Sources */,
			);
			runOnlyForDeploymentPostprocessing = 0;
		};
		9250E1EF1A29E3AE006B70D8 /* Sources */ = {
			isa = PBXSourcesBuildPhase;
			buildActionMask = 2147483647;
			files = (
				9250E1FB1A29E3AE006B70D8 /* GameApplicationLayerTests.swift in Sources */,
			);
			runOnlyForDeploymentPostprocessing = 0;
		};
/* End PBXSourcesBuildPhase section */

/* Begin PBXTargetDependency section */
		9250E1F61A29E3AE006B70D8 /* PBXTargetDependency */ = {
			isa = PBXTargetDependency;
			target = 9250E1E71A29E3AD006B70D8 /* GameApplicationLayer */;
			targetProxy = 9250E1F51A29E3AE006B70D8 /* PBXContainerItemProxy */;
		};
/* End PBXTargetDependency section */

/* Begin XCBuildConfiguration section */
		9250E1FC1A29E3AE006B70D8 /* Debug */ = {
			isa = XCBuildConfiguration;
			buildSettings = {
				ALWAYS_SEARCH_USER_PATHS = NO;
				CLANG_CXX_LANGUAGE_STANDARD = "gnu++0x";
				CLANG_CXX_LIBRARY = "libc++";
				CLANG_ENABLE_MODULES = YES;
				CLANG_ENABLE_OBJC_ARC = YES;
				CLANG_WARN_BOOL_CONVERSION = YES;
				CLANG_WARN_CONSTANT_CONVERSION = YES;
				CLANG_WARN_DIRECT_OBJC_ISA_USAGE = YES_ERROR;
				CLANG_WARN_EMPTY_BODY = YES;
				CLANG_WARN_ENUM_CONVERSION = YES;
				CLANG_WARN_INT_CONVERSION = YES;
				CLANG_WARN_OBJC_ROOT_CLASS = YES_ERROR;
				CLANG_WARN_UNREACHABLE_CODE = YES;
				CLANG_WARN__DUPLICATE_METHOD_MATCH = YES;
				"CODE_SIGN_IDENTITY[sdk=iphoneos*]" = "iPhone Developer";
				COPY_PHASE_STRIP = NO;
				CURRENT_PROJECT_VERSION = 1;
				ENABLE_STRICT_OBJC_MSGSEND = YES;
				GCC_C_LANGUAGE_STANDARD = gnu99;
				GCC_DYNAMIC_NO_PIC = NO;
				GCC_OPTIMIZATION_LEVEL = 0;
				GCC_PREPROCESSOR_DEFINITIONS = (
					"DEBUG=1",
					"$(inherited)",
				);
				GCC_SYMBOLS_PRIVATE_EXTERN = NO;
				GCC_WARN_64_TO_32_BIT_CONVERSION = YES;
				GCC_WARN_ABOUT_RETURN_TYPE = YES_ERROR;
				GCC_WARN_UNDECLARED_SELECTOR = YES;
				GCC_WARN_UNINITIALIZED_AUTOS = YES_AGGRESSIVE;
				GCC_WARN_UNUSED_FUNCTION = YES;
				GCC_WARN_UNUSED_VARIABLE = YES;
				IPHONEOS_DEPLOYMENT_TARGET = 8.1;
				MTL_ENABLE_DEBUG_INFO = YES;
				ONLY_ACTIVE_ARCH = YES;
				SDKROOT = iphoneos;
				SWIFT_OPTIMIZATION_LEVEL = "-Onone";
				TARGETED_DEVICE_FAMILY = "1,2";
				VERSIONING_SYSTEM = "apple-generic";
				VERSION_INFO_PREFIX = "";
			};
			name = Debug;
		};
		9250E1FD1A29E3AE006B70D8 /* Release */ = {
			isa = XCBuildConfiguration;
			buildSettings = {
				ALWAYS_SEARCH_USER_PATHS = NO;
				CLANG_CXX_LANGUAGE_STANDARD = "gnu++0x";
				CLANG_CXX_LIBRARY = "libc++";
				CLANG_ENABLE_MODULES = YES;
				CLANG_ENABLE_OBJC_ARC = YES;
				CLANG_WARN_BOOL_CONVERSION = YES;
				CLANG_WARN_CONSTANT_CONVERSION = YES;
				CLANG_WARN_DIRECT_OBJC_ISA_USAGE = YES_ERROR;
				CLANG_WARN_EMPTY_BODY = YES;
				CLANG_WARN_ENUM_CONVERSION = YES;
				CLANG_WARN_INT_CONVERSION = YES;
				CLANG_WARN_OBJC_ROOT_CLASS = YES_ERROR;
				CLANG_WARN_UNREACHABLE_CODE = YES;
				CLANG_WARN__DUPLICATE_METHOD_MATCH = YES;
				"CODE_SIGN_IDENTITY[sdk=iphoneos*]" = "iPhone Developer";
				COPY_PHASE_STRIP = YES;
				CURRENT_PROJECT_VERSION = 1;
				ENABLE_NS_ASSERTIONS = NO;
				ENABLE_STRICT_OBJC_MSGSEND = YES;
				GCC_C_LANGUAGE_STANDARD = gnu99;
				GCC_WARN_64_TO_32_BIT_CONVERSION = YES;
				GCC_WARN_ABOUT_RETURN_TYPE = YES_ERROR;
				GCC_WARN_UNDECLARED_SELECTOR = YES;
				GCC_WARN_UNINITIALIZED_AUTOS = YES_AGGRESSIVE;
				GCC_WARN_UNUSED_FUNCTION = YES;
				GCC_WARN_UNUSED_VARIABLE = YES;
				IPHONEOS_DEPLOYMENT_TARGET = 8.1;
				MTL_ENABLE_DEBUG_INFO = NO;
				SDKROOT = iphoneos;
				TARGETED_DEVICE_FAMILY = "1,2";
				VALIDATE_PRODUCT = YES;
				VERSIONING_SYSTEM = "apple-generic";
				VERSION_INFO_PREFIX = "";
			};
			name = Release;
		};
		9250E1FF1A29E3AE006B70D8 /* Debug */ = {
			isa = XCBuildConfiguration;
			buildSettings = {
				CLANG_ENABLE_MODULES = YES;
				DEFINES_MODULE = YES;
				DYLIB_COMPATIBILITY_VERSION = 1;
				DYLIB_CURRENT_VERSION = 1;
				DYLIB_INSTALL_NAME_BASE = "@rpath";
				INFOPLIST_FILE = GameApplicationLayer/Info.plist;
				INSTALL_PATH = "$(LOCAL_LIBRARY_DIR)/Frameworks";
				LD_RUNPATH_SEARCH_PATHS = "$(inherited) @executable_path/Frameworks @loader_path/Frameworks";
				PRODUCT_NAME = "$(TARGET_NAME)";
				SKIP_INSTALL = YES;
				SWIFT_OPTIMIZATION_LEVEL = "-Onone";
			};
			name = Debug;
		};
		9250E2001A29E3AE006B70D8 /* Release */ = {
			isa = XCBuildConfiguration;
			buildSettings = {
				CLANG_ENABLE_MODULES = YES;
				DEFINES_MODULE = YES;
				DYLIB_COMPATIBILITY_VERSION = 1;
				DYLIB_CURRENT_VERSION = 1;
				DYLIB_INSTALL_NAME_BASE = "@rpath";
				INFOPLIST_FILE = GameApplicationLayer/Info.plist;
				INSTALL_PATH = "$(LOCAL_LIBRARY_DIR)/Frameworks";
				LD_RUNPATH_SEARCH_PATHS = "$(inherited) @executable_path/Frameworks @loader_path/Frameworks";
				PRODUCT_NAME = "$(TARGET_NAME)";
				SKIP_INSTALL = YES;
			};
			name = Release;
		};
		9250E2021A29E3AE006B70D8 /* Debug */ = {
			isa = XCBuildConfiguration;
			buildSettings = {
				FRAMEWORK_SEARCH_PATHS = (
					"$(SDKROOT)/Developer/Library/Frameworks",
					"$(inherited)",
				);
				GCC_PREPROCESSOR_DEFINITIONS = (
					"DEBUG=1",
					"$(inherited)",
				);
				INFOPLIST_FILE = GameApplicationLayerTests/Info.plist;
				LD_RUNPATH_SEARCH_PATHS = "$(inherited) @executable_path/Frameworks @loader_path/Frameworks";
				PRODUCT_NAME = "$(TARGET_NAME)";
			};
			name = Debug;
		};
		9250E2031A29E3AE006B70D8 /* Release */ = {
			isa = XCBuildConfiguration;
			buildSettings = {
				FRAMEWORK_SEARCH_PATHS = (
					"$(SDKROOT)/Developer/Library/Frameworks",
					"$(inherited)",
				);
				INFOPLIST_FILE = GameApplicationLayerTests/Info.plist;
				LD_RUNPATH_SEARCH_PATHS = "$(inherited) @executable_path/Frameworks @loader_path/Frameworks";
				PRODUCT_NAME = "$(TARGET_NAME)";
			};
			name = Release;
		};
/* End XCBuildConfiguration section */

/* Begin XCConfigurationList section */
		9250E1E21A29E3AD006B70D8 /* Build configuration list for PBXProject "GameApplicationLayer" */ = {
			isa = XCConfigurationList;
			buildConfigurations = (
				9250E1FC1A29E3AE006B70D8 /* Debug */,
				9250E1FD1A29E3AE006B70D8 /* Release */,
			);
			defaultConfigurationIsVisible = 0;
			defaultConfigurationName = Release;
		};
		9250E1FE1A29E3AE006B70D8 /* Build configuration list for PBXNativeTarget "GameApplicationLayer" */ = {
			isa = XCConfigurationList;
			buildConfigurations = (
				9250E1FF1A29E3AE006B70D8 /* Debug */,
				9250E2001A29E3AE006B70D8 /* Release */,
			);
			defaultConfigurationIsVisible = 0;
			defaultConfigurationName = Release;
		};
		9250E2011A29E3AE006B70D8 /* Build configuration list for PBXNativeTarget "GameApplicationLayerTests" */ = {
			isa = XCConfigurationList;
			buildConfigurations = (
				9250E2021A29E3AE006B70D8 /* Debug */,
				9250E2031A29E3AE006B70D8 /* Release */,
			);
			defaultConfigurationIsVisible = 0;
			defaultConfigurationName = Release;
		};
/* End XCConfigurationList section */
	};
	rootObject = 9250E1DF1A29E3AD006B70D8 /* Project object */;
}
